<?xml version="1.0" encoding="utf-8"?>
<Project ToolsVersion="4.0" xmlns="http://schemas.microsoft.com/developer/msbuild/2003">
  <ItemGroup>
    <ClCompile Include="Debugger\ConsoleLogger.cpp" />
    <ClCompile Include="Platform\platform_win32.cpp" />
    <ClCompile Include="Renderer\IRenderContext.cpp" />
    <ClCompile Include="ServiceLocator.cpp" />
    <ClCompile Include="test.cpp" />
    <ClCompile Include="Application.cpp" />
    <ClCompile Include="Platform\PlatformWin32.cpp" />
    <ClCompile Include="Renderer\OpenGLContext.cpp" />
    <ClCompile Include="FileSystem\FileSystem.cpp" />
    <ClCompile Include="FileSystem\FolderArchieve.cpp" />
    <ClCompile Include="FileSystem\File.cpp" />
    <ClCompile Include="FileSystem\Path.cpp" />
  </ItemGroup>
  <ItemGroup>
    <ClInclude Include="Debugger\ConsoleLogger.h" />
    <ClInclude Include="Debugger\IAsserter.h" />
    <ClInclude Include="Debugger\ILogger.h" />
    <ClInclude Include="Debugger\StandardAsserter.h" />
    <ClInclude Include="Platform\IPlatform.h" />
    <ClInclude Include="Platform\SSystemMessage.h" />
    <ClInclude Include="Renderer\glext.h" />
    <ClInclude Include="Renderer\IRenderContext.h" />
    <ClInclude Include="Renderer\wglext.h" />
    <ClInclude Include="config.h" />
    <ClInclude Include="ServiceLocator.h" />
    <ClInclude Include="types.h" />
    <ClInclude Include="Application.h" />
    <ClInclude Include="Platform\PlatformWin32.h" />
    <ClInclude Include="Renderer\OpenGLContext.h" />
    <ClInclude Include="FileSystem\IFile.h" />
    <ClInclude Include="FileSystem\IFileSystem.h" />
    <ClInclude Include="FileSystem\FileSystem.h" />
    <ClInclude Include="FileSystem\FolderArchieve.h" />
    <ClInclude Include="FileSystem\IFileArchieve.h" />
    <ClInclude Include="FileSystem\File.h" />
    <ClInclude Include="FileSystem\Path.h" />
  </ItemGroup>
</Project>